
Microsoft Visual Studio Solution File, Format Version 12.00
# Visual Studio Version 16
VisualStudioVersion = 16.0.28729.10
MinimumVisualStudioVersion = 10.0.40219.1
Project("{2150E333-8FDC-42A3-9474-1A3956D46DE8}") = "1. Entidades", "1. Entidades", "{ABA48ADD-9727-4D24-88E4-B006BAE1797D}"
EndProject
Project("{2150E333-8FDC-42A3-9474-1A3956D46DE8}") = "2. Contexto", "2. Contexto", "{EF53772F-6063-4E62-89BA-29A5611AC59A}"
EndProject
Project("{2150E333-8FDC-42A3-9474-1A3956D46DE8}") = "4. Repositorio", "4. Repositorio", "{36FBEEFB-7C74-4322-9C06-1EF7623DA5DC}"
EndProject
Project("{2150E333-8FDC-42A3-9474-1A3956D46DE8}") = "5. Servicio", "5. Servicio", "{8D5C3A3F-9029-461F-BBDD-D4961C696605}"
EndProject
Project("{2150E333-8FDC-42A3-9474-1A3956D46DE8}") = "6. Transaccion", "6. Transaccion", "{B445B3B8-C20A-49E0-8FC6-2A954653E350}"
EndProject
Project("{2150E333-8FDC-42A3-9474-1A3956D46DE8}") = "7. Servicios Distribuidos", "7. Servicios Distribuidos", "{6CB07979-C14A-44F2-9DA5-F82C0DD7C3C0}"
EndProject
Project("{FAE04EC0-301F-11D3-BF4B-00C04F79EFBC}") = "PlataformaMovilWCF", "PlataformaMovilWCF\PlataformaMovilWCF.csproj", "{A438E02D-CC8D-4C86-A556-96F2D4298578}"
EndProject
Project("{FAE04EC0-301F-11D3-BF4B-00C04F79EFBC}") = "Entidades", "Entidades\Entidades.csproj", "{872AE400-3A84-4E2F-B9DD-A620F2ECBB78}"
EndProject
Project("{FAE04EC0-301F-11D3-BF4B-00C04F79EFBC}") = "Contexto", "Contexto\Contexto.csproj", "{0CA24C05-7611-4B83-B986-78505B26F607}"
EndProject
Project("{2150E333-8FDC-42A3-9474-1A3956D46DE8}") = "3. Core", "3. Core", "{8BA2B6A2-0A33-4702-8470-EE1CF6956BBE}"
EndProject
Project("{FAE04EC0-301F-11D3-BF4B-00C04F79EFBC}") = "Core", "Core\Core.csproj", "{69A4F805-DA5A-49F2-93EE-A1DACC0A3ABD}"
EndProject
Project("{FAE04EC0-301F-11D3-BF4B-00C04F79EFBC}") = "Repositorio", "Repositorio\Repositorio.csproj", "{D0A6AF09-BCD7-42A6-BE9B-C5F54EB626B5}"
EndProject
Project("{2150E333-8FDC-42A3-9474-1A3956D46DE8}") = "8. Configuracion", "8. Configuracion", "{C13F688F-794B-46B4-B037-55DDFDF08629}"
	ProjectSection(SolutionItems) = preProject
		PlataformaMovilWCF\Web.config = PlataformaMovilWCF\Web.config
		PlataformaMovilWCF\Web.Debug.config = PlataformaMovilWCF\Web.Debug.config
		PlataformaMovilWCF\Web.Release.config = PlataformaMovilWCF\Web.Release.config
	EndProjectSection
EndProject
Project("{FAE04EC0-301F-11D3-BF4B-00C04F79EFBC}") = "Configuracion", "Configuracion\Configuracion.csproj", "{E92DB026-9661-467B-8341-35A768D81405}"
EndProject
Project("{FAE04EC0-301F-11D3-BF4B-00C04F79EFBC}") = "Servicio", "Servicio\Servicio.csproj", "{5071CF63-08EB-4C1D-8ED8-0BEF53EDBCA4}"
EndProject
Project("{FAE04EC0-301F-11D3-BF4B-00C04F79EFBC}") = "Transaccion", "Transaccion\Transaccion.csproj", "{DAE798C9-E1F9-4EAC-9CFC-20245A2263B5}"
EndProject
Project("{FAE04EC0-301F-11D3-BF4B-00C04F79EFBC}") = "PruebasUnitarias", "PruebasUnitarias\PruebasUnitarias.csproj", "{2EF41753-1023-4C55-A22F-76CB55BA0361}"
	ProjectSection(ProjectDependencies) = postProject
		{A438E02D-CC8D-4C86-A556-96F2D4298578} = {A438E02D-CC8D-4C86-A556-96F2D4298578}
	EndProjectSection
EndProject
Project("{2150E333-8FDC-42A3-9474-1A3956D46DE8}") = "9. Tareas", "9. Tareas", "{DC7EB111-DDE1-4BE9-9BBF-81952486F522}"
EndProject
Project("{FAE04EC0-301F-11D3-BF4B-00C04F79EFBC}") = "Tareas", "Tareas\Tareas.csproj", "{8C02DB5B-F762-4085-BE28-5EF34FC3ECE6}"
EndProject
Project("{2150E333-8FDC-42A3-9474-1A3956D46DE8}") = "A10. ServiciosIndependientes", "A10. ServiciosIndependientes", "{3F844E2B-DE86-446C-8408-ABD9B367BD65}"
EndProject
Project("{2150E333-8FDC-42A3-9474-1A3956D46DE8}") = "Motorizados", "Motorizados", "{660FAEDC-1988-43A8-9715-44666511E483}"
EndProject
Project("{9A19103F-16F7-4668-BE54-9A1E7A4F7556}") = "WebAPICentralPlataformaMovil", "WebAPIMotorizados\WebAPICentralPlataformaMovil.csproj", "{97D2CCFB-4A9A-455E-B434-856F2B32FAC0}"
EndProject
Project("{9A19103F-16F7-4668-BE54-9A1E7A4F7556}") = "LogicaDatos", "LogicaDatos\LogicaDatos.csproj", "{3434775E-5DFB-4AA0-8588-F25EDB606DAD}"
EndProject
Project("{9A19103F-16F7-4668-BE54-9A1E7A4F7556}") = "LogicaNegocio", "LogicaNegocio\LogicaNegocio.csproj", "{1751C8FB-52F9-4546-9D25-8242C9A63D29}"
EndProject
Project("{9A19103F-16F7-4668-BE54-9A1E7A4F7556}") = "EasyCriptografia", "EasyCriptografia\EasyCriptografia.csproj", "{90E92834-A3DF-43DB-BBCA-C0C56C4A5CAF}"
EndProject
Project("{9A19103F-16F7-4668-BE54-9A1E7A4F7556}") = "ViewModels", "ViewModels\ViewModels.csproj", "{01D55C26-7CE4-4259-BA8D-003B2D518CAE}"
EndProject
Project("{9A19103F-16F7-4668-BE54-9A1E7A4F7556}") = "DemonioPedidosMotorizados", "DemonioPedidosMotorizados\DemonioPedidosMotorizados.csproj", "{DE29764F-4B68-411E-9377-BE81041485AC}"
EndProject
Project("{FAE04EC0-301F-11D3-BF4B-00C04F79EFBC}") = "DemonioPedidosMotorizadosConsola", "DemonioPedidosMotorizadosConsola\DemonioPedidosMotorizadosConsola.csproj", "{88D1DAC6-EF08-4E5B-A4D7-E5E4B0C0090F}"
EndProject
Global
	GlobalSection(SolutionConfigurationPlatforms) = preSolution
		Debug|Any CPU = Debug|Any CPU
		Release|Any CPU = Release|Any CPU
	EndGlobalSection
	GlobalSection(ProjectConfigurationPlatforms) = postSolution
		{A438E02D-CC8D-4C86-A556-96F2D4298578}.Debug|Any CPU.ActiveCfg = Debug|Any CPU
		{A438E02D-CC8D-4C86-A556-96F2D4298578}.Debug|Any CPU.Build.0 = Debug|Any CPU
		{A438E02D-CC8D-4C86-A556-96F2D4298578}.Release|Any CPU.ActiveCfg = Release|Any CPU
		{A438E02D-CC8D-4C86-A556-96F2D4298578}.Release|Any CPU.Build.0 = Release|Any CPU
		{872AE400-3A84-4E2F-B9DD-A620F2ECBB78}.Debug|Any CPU.ActiveCfg = Debug|Any CPU
		{872AE400-3A84-4E2F-B9DD-A620F2ECBB78}.Debug|Any CPU.Build.0 = Debug|Any CPU
		{872AE400-3A84-4E2F-B9DD-A620F2ECBB78}.Release|Any CPU.ActiveCfg = Release|Any CPU
		{872AE400-3A84-4E2F-B9DD-A620F2ECBB78}.Release|Any CPU.Build.0 = Release|Any CPU
		{0CA24C05-7611-4B83-B986-78505B26F607}.Debug|Any CPU.ActiveCfg = Debug|Any CPU
		{0CA24C05-7611-4B83-B986-78505B26F607}.Debug|Any CPU.Build.0 = Debug|Any CPU
		{0CA24C05-7611-4B83-B986-78505B26F607}.Release|Any CPU.ActiveCfg = Release|Any CPU
		{0CA24C05-7611-4B83-B986-78505B26F607}.Release|Any CPU.Build.0 = Release|Any CPU
		{69A4F805-DA5A-49F2-93EE-A1DACC0A3ABD}.Debug|Any CPU.ActiveCfg = Debug|Any CPU
		{69A4F805-DA5A-49F2-93EE-A1DACC0A3ABD}.Debug|Any CPU.Build.0 = Debug|Any CPU
		{69A4F805-DA5A-49F2-93EE-A1DACC0A3ABD}.Release|Any CPU.ActiveCfg = Release|Any CPU
		{69A4F805-DA5A-49F2-93EE-A1DACC0A3ABD}.Release|Any CPU.Build.0 = Release|Any CPU
		{D0A6AF09-BCD7-42A6-BE9B-C5F54EB626B5}.Debug|Any CPU.ActiveCfg = Debug|Any CPU
		{D0A6AF09-BCD7-42A6-BE9B-C5F54EB626B5}.Debug|Any CPU.Build.0 = Debug|Any CPU
		{D0A6AF09-BCD7-42A6-BE9B-C5F54EB626B5}.Release|Any CPU.ActiveCfg = Release|Any CPU
		{D0A6AF09-BCD7-42A6-BE9B-C5F54EB626B5}.Release|Any CPU.Build.0 = Release|Any CPU
		{E92DB026-9661-467B-8341-35A768D81405}.Debug|Any CPU.ActiveCfg = Debug|Any CPU
		{E92DB026-9661-467B-8341-35A768D81405}.Debug|Any CPU.Build.0 = Debug|Any CPU
		{E92DB026-9661-467B-8341-35A768D81405}.Release|Any CPU.ActiveCfg = Release|Any CPU
		{E92DB026-9661-467B-8341-35A768D81405}.Release|Any CPU.Build.0 = Release|Any CPU
		{5071CF63-08EB-4C1D-8ED8-0BEF53EDBCA4}.Debug|Any CPU.ActiveCfg = Debug|Any CPU
		{5071CF63-08EB-4C1D-8ED8-0BEF53EDBCA4}.Debug|Any CPU.Build.0 = Debug|Any CPU
		{5071CF63-08EB-4C1D-8ED8-0BEF53EDBCA4}.Release|Any CPU.ActiveCfg = Release|Any CPU
		{5071CF63-08EB-4C1D-8ED8-0BEF53EDBCA4}.Release|Any CPU.Build.0 = Release|Any CPU
		{DAE798C9-E1F9-4EAC-9CFC-20245A2263B5}.Debug|Any CPU.ActiveCfg = Debug|Any CPU
		{DAE798C9-E1F9-4EAC-9CFC-20245A2263B5}.Debug|Any CPU.Build.0 = Debug|Any CPU
		{DAE798C9-E1F9-4EAC-9CFC-20245A2263B5}.Release|Any CPU.ActiveCfg = Release|Any CPU
		{DAE798C9-E1F9-4EAC-9CFC-20245A2263B5}.Release|Any CPU.Build.0 = Release|Any CPU
		{2EF41753-1023-4C55-A22F-76CB55BA0361}.Debug|Any CPU.ActiveCfg = Debug|Any CPU
		{2EF41753-1023-4C55-A22F-76CB55BA0361}.Debug|Any CPU.Build.0 = Debug|Any CPU
		{2EF41753-1023-4C55-A22F-76CB55BA0361}.Release|Any CPU.ActiveCfg = Release|Any CPU
		{2EF41753-1023-4C55-A22F-76CB55BA0361}.Release|Any CPU.Build.0 = Release|Any CPU
		{8C02DB5B-F762-4085-BE28-5EF34FC3ECE6}.Debug|Any CPU.ActiveCfg = Debug|Any CPU
		{8C02DB5B-F762-4085-BE28-5EF34FC3ECE6}.Debug|Any CPU.Build.0 = Debug|Any CPU
		{8C02DB5B-F762-4085-BE28-5EF34FC3ECE6}.Release|Any CPU.ActiveCfg = Release|Any CPU
		{8C02DB5B-F762-4085-BE28-5EF34FC3ECE6}.Release|Any CPU.Build.0 = Release|Any CPU
		{97D2CCFB-4A9A-455E-B434-856F2B32FAC0}.Debug|Any CPU.ActiveCfg = Debug|Any CPU
		{97D2CCFB-4A9A-455E-B434-856F2B32FAC0}.Debug|Any CPU.Build.0 = Debug|Any CPU
		{97D2CCFB-4A9A-455E-B434-856F2B32FAC0}.Release|Any CPU.ActiveCfg = Release|Any CPU
		{97D2CCFB-4A9A-455E-B434-856F2B32FAC0}.Release|Any CPU.Build.0 = Release|Any CPU
		{3434775E-5DFB-4AA0-8588-F25EDB606DAD}.Debug|Any CPU.ActiveCfg = Debug|Any CPU
		{3434775E-5DFB-4AA0-8588-F25EDB606DAD}.Debug|Any CPU.Build.0 = Debug|Any CPU
		{3434775E-5DFB-4AA0-8588-F25EDB606DAD}.Release|Any CPU.ActiveCfg = Release|Any CPU
		{3434775E-5DFB-4AA0-8588-F25EDB606DAD}.Release|Any CPU.Build.0 = Release|Any CPU
		{1751C8FB-52F9-4546-9D25-8242C9A63D29}.Debug|Any CPU.ActiveCfg = Debug|Any CPU
		{1751C8FB-52F9-4546-9D25-8242C9A63D29}.Debug|Any CPU.Build.0 = Debug|Any CPU
		{1751C8FB-52F9-4546-9D25-8242C9A63D29}.Release|Any CPU.ActiveCfg = Release|Any CPU
		{1751C8FB-52F9-4546-9D25-8242C9A63D29}.Release|Any CPU.Build.0 = Release|Any CPU
		{90E92834-A3DF-43DB-BBCA-C0C56C4A5CAF}.Debug|Any CPU.ActiveCfg = Debug|Any CPU
		{90E92834-A3DF-43DB-BBCA-C0C56C4A5CAF}.Debug|Any CPU.Build.0 = Debug|Any CPU
		{90E92834-A3DF-43DB-BBCA-C0C56C4A5CAF}.Release|Any CPU.ActiveCfg = Release|Any CPU
		{90E92834-A3DF-43DB-BBCA-C0C56C4A5CAF}.Release|Any CPU.Build.0 = Release|Any CPU
		{01D55C26-7CE4-4259-BA8D-003B2D518CAE}.Debug|Any CPU.ActiveCfg = Debug|Any CPU
		{01D55C26-7CE4-4259-BA8D-003B2D518CAE}.Debug|Any CPU.Build.0 = Debug|Any CPU
		{01D55C26-7CE4-4259-BA8D-003B2D518CAE}.Release|Any CPU.ActiveCfg = Release|Any CPU
		{01D55C26-7CE4-4259-BA8D-003B2D518CAE}.Release|Any CPU.Build.0 = Release|Any CPU
		{DE29764F-4B68-411E-9377-BE81041485AC}.Debug|Any CPU.ActiveCfg = Debug|Any CPU
		{DE29764F-4B68-411E-9377-BE81041485AC}.Debug|Any CPU.Build.0 = Debug|Any CPU
		{DE29764F-4B68-411E-9377-BE81041485AC}.Release|Any CPU.ActiveCfg = Release|Any CPU
		{DE29764F-4B68-411E-9377-BE81041485AC}.Release|Any CPU.Build.0 = Release|Any CPU
		{88D1DAC6-EF08-4E5B-A4D7-E5E4B0C0090F}.Debug|Any CPU.ActiveCfg = Debug|Any CPU
		{88D1DAC6-EF08-4E5B-A4D7-E5E4B0C0090F}.Debug|Any CPU.Build.0 = Debug|Any CPU
		{88D1DAC6-EF08-4E5B-A4D7-E5E4B0C0090F}.Release|Any CPU.ActiveCfg = Release|Any CPU
		{88D1DAC6-EF08-4E5B-A4D7-E5E4B0C0090F}.Release|Any CPU.Build.0 = Release|Any CPU
	EndGlobalSection
	GlobalSection(SolutionProperties) = preSolution
		HideSolutionNode = FALSE
	EndGlobalSection
	GlobalSection(NestedProjects) = preSolution
		{A438E02D-CC8D-4C86-A556-96F2D4298578} = {6CB07979-C14A-44F2-9DA5-F82C0DD7C3C0}
		{872AE400-3A84-4E2F-B9DD-A620F2ECBB78} = {ABA48ADD-9727-4D24-88E4-B006BAE1797D}
		{0CA24C05-7611-4B83-B986-78505B26F607} = {EF53772F-6063-4E62-89BA-29A5611AC59A}
		{69A4F805-DA5A-49F2-93EE-A1DACC0A3ABD} = {8BA2B6A2-0A33-4702-8470-EE1CF6956BBE}
		{D0A6AF09-BCD7-42A6-BE9B-C5F54EB626B5} = {36FBEEFB-7C74-4322-9C06-1EF7623DA5DC}
		{E92DB026-9661-467B-8341-35A768D81405} = {C13F688F-794B-46B4-B037-55DDFDF08629}
		{5071CF63-08EB-4C1D-8ED8-0BEF53EDBCA4} = {8D5C3A3F-9029-461F-BBDD-D4961C696605}
		{DAE798C9-E1F9-4EAC-9CFC-20245A2263B5} = {B445B3B8-C20A-49E0-8FC6-2A954653E350}
		{8C02DB5B-F762-4085-BE28-5EF34FC3ECE6} = {DC7EB111-DDE1-4BE9-9BBF-81952486F522}
		{660FAEDC-1988-43A8-9715-44666511E483} = {3F844E2B-DE86-446C-8408-ABD9B367BD65}
		{97D2CCFB-4A9A-455E-B434-856F2B32FAC0} = {660FAEDC-1988-43A8-9715-44666511E483}
		{3434775E-5DFB-4AA0-8588-F25EDB606DAD} = {660FAEDC-1988-43A8-9715-44666511E483}
		{1751C8FB-52F9-4546-9D25-8242C9A63D29} = {660FAEDC-1988-43A8-9715-44666511E483}
		{90E92834-A3DF-43DB-BBCA-C0C56C4A5CAF} = {660FAEDC-1988-43A8-9715-44666511E483}
		{01D55C26-7CE4-4259-BA8D-003B2D518CAE} = {660FAEDC-1988-43A8-9715-44666511E483}
		{DE29764F-4B68-411E-9377-BE81041485AC} = {660FAEDC-1988-43A8-9715-44666511E483}
		{88D1DAC6-EF08-4E5B-A4D7-E5E4B0C0090F} = {660FAEDC-1988-43A8-9715-44666511E483}
	EndGlobalSection
	GlobalSection(ExtensibilityGlobals) = postSolution
		SolutionGuid = {1A658644-F2B1-46C4-A6F5-4D065BA8F6EB}
		EnterpriseLibraryConfigurationToolBinariesPath = packages\Unity.2.1.505.0\lib\NET35;packages\Unity.2.1.505.2\lib\NET35;packages\Unity.Interception.2.1.505.0\lib\NET35
	EndGlobalSection
EndGlobal
